
Microsoft Visual Studio Solution File, Format Version 12.00
# Visual Studio Version 17
VisualStudioVersion = 17.9.34728.123
MinimumVisualStudioVersion = 10.0.40219.1
Project("{9A19103F-16F7-4668-BE54-9A1E7A4F7556}") = "EventHubExample", "EventHubExample\EventHubExample.csproj", "{914DC631-393C-4BCE-8EE5-730CEEDC710C}"
EndProject
Project("{FAE04EC0-301F-11D3-BF4B-00C04F79EFBC}") = "FunctionApp1", "FunctionApp1\FunctionApp1.csproj", "{634BD722-E564-4B1A-8AE6-F1A3D4E052A6}"
EndProject
Global
	GlobalSection(SolutionConfigurationPlatforms) = preSolution
		Debug|Any CPU = Debug|Any CPU
		Release|Any CPU = Release|Any CPU
	EndGlobalSection
	GlobalSection(ProjectConfigurationPlatforms) = postSolution
		{914DC631-393C-4BCE-8EE5-730CEEDC710C}.Debug|Any CPU.ActiveCfg = Debug|Any CPU
		{914DC631-393C-4BCE-8EE5-730CEEDC710C}.Debug|Any CPU.Build.0 = Debug|Any CPU
		{914DC631-393C-4BCE-8EE5-730CEEDC710C}.Release|Any CPU.ActiveCfg = Release|Any CPU
		{914DC631-393C-4BCE-8EE5-730CEEDC710C}.Release|Any CPU.Build.0 = Release|Any CPU
		{634BD722-E564-4B1A-8AE6-F1A3D4E052A6}.Debug|Any CPU.ActiveCfg = Debug|Any CPU
		{634BD722-E564-4B1A-8AE6-F1A3D4E052A6}.Debug|Any CPU.Build.0 = Debug|Any CPU
		{634BD722-E564-4B1A-8AE6-F1A3D4E052A6}.Release|Any CPU.ActiveCfg = Release|Any CPU
		{634BD722-E564-4B1A-8AE6-F1A3D4E052A6}.Release|Any CPU.Build.0 = Release|Any CPU
	EndGlobalSection
	GlobalSection(SolutionProperties) = preSolution
		HideSolutionNode = FALSE
	EndGlobalSection
	GlobalSection(ExtensibilityGlobals) = postSolution
		SolutionGuid = {1EF28AEA-4FB1-47F5-832F-2D0140C98858}
	EndGlobalSection
EndGlobal
